# This file is automatically @generated by Cargo.
# It is not intended for manual editing.
version = 4

[[package]]
name = "slot2"
version = "0.1.0"
dependencies = [
 "slot2-audio",
 "slot2-gfx",
 "slot2-i18n",
 "slot2-input",
 "slot2-platform",
 "slot2-retro",
 "slot2-store",
 "slot2-text",
 "slot2-ui",
]

[[package]]
name = "slot2-audio"
version = "0.1.0"

[[package]]
name = "slot2-gfx"
version = "0.1.0"

[[package]]
name = "slot2-i18n"
version = "0.1.0"

[[package]]
name = "slot2-input"
version = "0.1.0"

[[package]]
name = "slot2-platform"
version = "0.1.0"

[[package]]
name = "slot2-retro"
version = "0.1.0"

[[package]]
name = "slot2-store"
version = "0.1.0"

[[package]]
name = "slot2-text"
version = "0.1.0"

[[package]]
name = "slot2-ui"
version = "0.1.0"
